
Microsoft Visual Studio Solution File, Format Version 12.00
# Visual Studio Version 17
VisualStudioVersion = 17.5.33414.496
MinimumVisualStudioVersion = 10.0.40219.1
Project("{9A19103F-16F7-4668-BE54-9A1E7A4F7556}") = "bll_proj", "bll_proj.csproj", "{E6A007ED-3220-4259-A690-19BEF32758B7}"
EndProject
Project("{9A19103F-16F7-4668-BE54-9A1E7A4F7556}") = "dal_proj", "dal_proj\dal_proj.csproj", "{3F03D4CC-29F7-433F-8C42-083CDD8681B8}"
EndProject
Project("{FAE04EC0-301F-11D3-BF4B-00C04F79EFBC}") = "kr_lib", "kr_lib\kr_lib.csproj", "{CF4425CF-11AF-4B75-90E5-D6C2F77C6880}"
EndProject
Global
	GlobalSection(SolutionConfigurationPlatforms) = preSolution
		Debug|Any CPU = Debug|Any CPU
		Release|Any CPU = Release|Any CPU
	EndGlobalSection
	GlobalSection(ProjectConfigurationPlatforms) = postSolution
		{E6A007ED-3220-4259-A690-19BEF32758B7}.Debug|Any CPU.ActiveCfg = Debug|Any CPU
		{E6A007ED-3220-4259-A690-19BEF32758B7}.Debug|Any CPU.Build.0 = Debug|Any CPU
		{E6A007ED-3220-4259-A690-19BEF32758B7}.Release|Any CPU.ActiveCfg = Release|Any CPU
		{E6A007ED-3220-4259-A690-19BEF32758B7}.Release|Any CPU.Build.0 = Release|Any CPU
		{3F03D4CC-29F7-433F-8C42-083CDD8681B8}.Debug|Any CPU.ActiveCfg = Debug|Any CPU
		{3F03D4CC-29F7-433F-8C42-083CDD8681B8}.Debug|Any CPU.Build.0 = Debug|Any CPU
		{3F03D4CC-29F7-433F-8C42-083CDD8681B8}.Release|Any CPU.ActiveCfg = Release|Any CPU
		{3F03D4CC-29F7-433F-8C42-083CDD8681B8}.Release|Any CPU.Build.0 = Release|Any CPU
		{CF4425CF-11AF-4B75-90E5-D6C2F77C6880}.Debug|Any CPU.ActiveCfg = Debug|Any CPU
		{CF4425CF-11AF-4B75-90E5-D6C2F77C6880}.Debug|Any CPU.Build.0 = Debug|Any CPU
		{CF4425CF-11AF-4B75-90E5-D6C2F77C6880}.Release|Any CPU.ActiveCfg = Release|Any CPU
		{CF4425CF-11AF-4B75-90E5-D6C2F77C6880}.Release|Any CPU.Build.0 = Release|Any CPU
	EndGlobalSection
	GlobalSection(SolutionProperties) = preSolution
		HideSolutionNode = FALSE
	EndGlobalSection
	GlobalSection(ExtensibilityGlobals) = postSolution
		SolutionGuid = {5AB4BA11-092E-4AAE-9DB0-41B2503833E0}
	EndGlobalSection
EndGlobal
